
Microsoft Visual Studio Solution File, Format Version 12.00
# Visual Studio Version 17
VisualStudioVersion = 17.9.34701.34
MinimumVisualStudioVersion = 10.0.40219.1
Project("{FAE04EC0-301F-11D3-BF4B-00C04F79EFBC}") = "MauiApp1", "MauiApp1\MauiApp1.csproj", "{E2E8333C-1616-4C7E-BF05-A3B19B103925}"
EndProject
Global
	GlobalSection(SolutionConfigurationPlatforms) = preSolution
		Debug|Any CPU = Debug|Any CPU
		Release|Any CPU = Release|Any CPU
	EndGlobalSection
	GlobalSection(ProjectConfigurationPlatforms) = postSolution
		{E2E8333C-1616-4C7E-BF05-A3B19B103925}.Debug|Any CPU.ActiveCfg = Debug|Any CPU
		{E2E8333C-1616-4C7E-BF05-A3B19B103925}.Debug|Any CPU.Build.0 = Debug|Any CPU
		{E2E8333C-1616-4C7E-BF05-A3B19B103925}.Debug|Any CPU.Deploy.0 = Debug|Any CPU
		{E2E8333C-1616-4C7E-BF05-A3B19B103925}.Release|Any CPU.ActiveCfg = Release|Any CPU
		{E2E8333C-1616-4C7E-BF05-A3B19B103925}.Release|Any CPU.Build.0 = Release|Any CPU
		{E2E8333C-1616-4C7E-BF05-A3B19B103925}.Release|Any CPU.Deploy.0 = Release|Any CPU
	EndGlobalSection
	GlobalSection(SolutionProperties) = preSolution
		HideSolutionNode = FALSE
	EndGlobalSection
	GlobalSection(ExtensibilityGlobals) = postSolution
		SolutionGuid = {16F0730F-95CE-499F-8EE7-549F531301F5}
	EndGlobalSection
EndGlobal
