
Microsoft Visual Studio Solution File, Format Version 12.00
# Visual Studio Version 17
VisualStudioVersion = 17.9.34701.34
MinimumVisualStudioVersion = 10.0.40219.1
Project("{FAE04EC0-301F-11D3-BF4B-00C04F79EFBC}") = "OrgaNice", "OrgaNice\OrgaNice.csproj", "{3ABCCCFD-A2E5-478F-8419-25FDE207175E}"
EndProject
Global
	GlobalSection(SolutionConfigurationPlatforms) = preSolution
		Debug|Any CPU = Debug|Any CPU
		Release|Any CPU = Release|Any CPU
	EndGlobalSection
	GlobalSection(ProjectConfigurationPlatforms) = postSolution
		{3ABCCCFD-A2E5-478F-8419-25FDE207175E}.Debug|Any CPU.ActiveCfg = Debug|Any CPU
		{3ABCCCFD-A2E5-478F-8419-25FDE207175E}.Debug|Any CPU.Build.0 = Debug|Any CPU
		{3ABCCCFD-A2E5-478F-8419-25FDE207175E}.Debug|Any CPU.Deploy.0 = Debug|Any CPU
		{3ABCCCFD-A2E5-478F-8419-25FDE207175E}.Release|Any CPU.ActiveCfg = Release|Any CPU
		{3ABCCCFD-A2E5-478F-8419-25FDE207175E}.Release|Any CPU.Build.0 = Release|Any CPU
		{3ABCCCFD-A2E5-478F-8419-25FDE207175E}.Release|Any CPU.Deploy.0 = Release|Any CPU
	EndGlobalSection
	GlobalSection(SolutionProperties) = preSolution
		HideSolutionNode = FALSE
	EndGlobalSection
	GlobalSection(ExtensibilityGlobals) = postSolution
		SolutionGuid = {BAF3B4D8-6E2D-4684-A5FC-BF7C7D76368F}
	EndGlobalSection
EndGlobal
